// !$*UTF8*$!
{
	archiveVersion = 1;
	classes = {
	};
	objectVersion = 55;
	objects = {

/* Begin PBXBuildFile section */
		CB3DB91029F976F800603C2D /* PlanetListViewModelTests.swift in Sources */ = {isa = PBXBuildFile; fileRef = CB3DB90F29F976F800603C2D /* PlanetListViewModelTests.swift */; };
		CB3DB91329F9DAB800603C2D /* GetAllPlanetsUCTests.swift in Sources */ = {isa = PBXBuildFile; fileRef = CB3DB91229F9DAB800603C2D /* GetAllPlanetsUCTests.swift */; };
		CB3DB91529FA921C00603C2D /* PlanetModelTest.swift in Sources */ = {isa = PBXBuildFile; fileRef = CB3DB91429FA921C00603C2D /* PlanetModelTest.swift */; };
		CB3DB91829FABAF000603C2D /* StarWarsRepositoryTests.swift in Sources */ = {isa = PBXBuildFile; fileRef = CB3DB91729FABAF000603C2D /* StarWarsRepositoryTests.swift */; };
		CB6ADCBD29F1A1D400BB0ACA /* jpmc_taskApp.swift in Sources */ = {isa = PBXBuildFile; fileRef = CB6ADCBC29F1A1D400BB0ACA /* jpmc_taskApp.swift */; };
		CB6ADCC129F1A1D800BB0ACA /* Assets.xcassets in Resources */ = {isa = PBXBuildFile; fileRef = CB6ADCC029F1A1D800BB0ACA /* Assets.xcassets */; };
		CB6ADCC429F1A1D800BB0ACA /* Preview Assets.xcassets in Resources */ = {isa = PBXBuildFile; fileRef = CB6ADCC329F1A1D800BB0ACA /* Preview Assets.xcassets */; };
		CB6ADCED29F1A45600BB0ACA /* DataSourceProtocol.swift in Sources */ = {isa = PBXBuildFile; fileRef = CB6ADCEC29F1A45600BB0ACA /* DataSourceProtocol.swift */; };
		CB6ADCF529F1A4D300BB0ACA /* StarWarsRepository.swift in Sources */ = {isa = PBXBuildFile; fileRef = CB6ADCF429F1A4D300BB0ACA /* StarWarsRepository.swift */; };
		CB6ADCFD29F1AFDD00BB0ACA /* NetworkService.swift in Sources */ = {isa = PBXBuildFile; fileRef = CB6ADCFC29F1AFDD00BB0ACA /* NetworkService.swift */; };
		CB6ADCFF29F1AFF700BB0ACA /* Endpoint.swift in Sources */ = {isa = PBXBuildFile; fileRef = CB6ADCFE29F1AFF700BB0ACA /* Endpoint.swift */; };
		CB6ADD0129F1B00800BB0ACA /* APIError.swift in Sources */ = {isa = PBXBuildFile; fileRef = CB6ADD0029F1B00800BB0ACA /* APIError.swift */; };
		CB6ADD0629F1B16400BB0ACA /* PlanetsResponseRemoteEntity.swift in Sources */ = {isa = PBXBuildFile; fileRef = CB6ADD0229F1B16400BB0ACA /* PlanetsResponseRemoteEntity.swift */; };
		CB6ADD0729F1B16400BB0ACA /* PlanetRemoteEntity.swift in Sources */ = {isa = PBXBuildFile; fileRef = CB6ADD0329F1B16400BB0ACA /* PlanetRemoteEntity.swift */; };
		CB6ADD0B29F1B23F00BB0ACA /* RemoteDataSource.swift in Sources */ = {isa = PBXBuildFile; fileRef = CB6ADD0A29F1B23F00BB0ACA /* RemoteDataSource.swift */; };
		CB6ADD0D29F1B28100BB0ACA /* RemotePlanetsService.swift in Sources */ = {isa = PBXBuildFile; fileRef = CB6ADD0C29F1B28100BB0ACA /* RemotePlanetsService.swift */; };
		CB6ADD1329F1B68100BB0ACA /* Planet.swift in Sources */ = {isa = PBXBuildFile; fileRef = CB6ADD1229F1B68100BB0ACA /* Planet.swift */; };
		CB6ADD1729F4983A00BB0ACA /* PlanetsReposiroty.swift in Sources */ = {isa = PBXBuildFile; fileRef = CB6ADD1629F4983A00BB0ACA /* PlanetsReposiroty.swift */; };
		CB6ADD1929F498D900BB0ACA /* GetAllPlanetsUC.swift in Sources */ = {isa = PBXBuildFile; fileRef = CB6ADD1829F498D800BB0ACA /* GetAllPlanetsUC.swift */; };
		CB6ADD1C29F4A7EC00BB0ACA /* PlanetListViewModel.swift in Sources */ = {isa = PBXBuildFile; fileRef = CB6ADD1B29F4A7EC00BB0ACA /* PlanetListViewModel.swift */; };
		CB6ADD1E29F4A7F400BB0ACA /* PlanetList.swift in Sources */ = {isa = PBXBuildFile; fileRef = CB6ADD1D29F4A7F400BB0ACA /* PlanetList.swift */; };
		CB6ADD2029F575CD00BB0ACA /* LocalDataSource.swift in Sources */ = {isa = PBXBuildFile; fileRef = CB6ADD1F29F575CD00BB0ACA /* LocalDataSource.swift */; };
		CB6ADD2229F5D76900BB0ACA /* CoreDataService.swift in Sources */ = {isa = PBXBuildFile; fileRef = CB6ADD2129F5D76900BB0ACA /* CoreDataService.swift */; };
		CB6ADD2529F5E18600BB0ACA /* Swapi.xcdatamodeld in Sources */ = {isa = PBXBuildFile; fileRef = CB6ADD2329F5E18600BB0ACA /* Swapi.xcdatamodeld */; };
		CB6ADD2B29F7204300BB0ACA /* Injected.swift in Sources */ = {isa = PBXBuildFile; fileRef = CB6ADD2929F7204200BB0ACA /* Injected.swift */; };
		CB6ADD2C29F7204300BB0ACA /* Resolver.swift in Sources */ = {isa = PBXBuildFile; fileRef = CB6ADD2A29F7204200BB0ACA /* Resolver.swift */; };
/* End PBXBuildFile section */

/* Begin PBXContainerItemProxy section */
		CB6ADCCA29F1A1D900BB0ACA /* PBXContainerItemProxy */ = {
			isa = PBXContainerItemProxy;
			containerPortal = CB6ADCB129F1A1D300BB0ACA /* Project object */;
			proxyType = 1;
			remoteGlobalIDString = CB6ADCB829F1A1D400BB0ACA;
			remoteInfo = "jpmc-task";
		};
/* End PBXContainerItemProxy section */

/* Begin PBXFileReference section */
		CB3DB90F29F976F800603C2D /* PlanetListViewModelTests.swift */ = {isa = PBXFileReference; lastKnownFileType = sourcecode.swift; path = PlanetListViewModelTests.swift; sourceTree = "<group>"; };
		CB3DB91229F9DAB800603C2D /* GetAllPlanetsUCTests.swift */ = {isa = PBXFileReference; lastKnownFileType = sourcecode.swift; path = GetAllPlanetsUCTests.swift; sourceTree = "<group>"; };
		CB3DB91429FA921C00603C2D /* PlanetModelTest.swift */ = {isa = PBXFileReference; lastKnownFileType = sourcecode.swift; path = PlanetModelTest.swift; sourceTree = "<group>"; };
		CB3DB91729FABAF000603C2D /* StarWarsRepositoryTests.swift */ = {isa = PBXFileReference; lastKnownFileType = sourcecode.swift; path = StarWarsRepositoryTests.swift; sourceTree = "<group>"; };
		CB6ADCB929F1A1D400BB0ACA /* jpmc-task.app */ = {isa = PBXFileReference; explicitFileType = wrapper.application; includeInIndex = 0; path = "jpmc-task.app"; sourceTree = BUILT_PRODUCTS_DIR; };
		CB6ADCBC29F1A1D400BB0ACA /* jpmc_taskApp.swift */ = {isa = PBXFileReference; lastKnownFileType = sourcecode.swift; path = jpmc_taskApp.swift; sourceTree = "<group>"; };
		CB6ADCC029F1A1D800BB0ACA /* Assets.xcassets */ = {isa = PBXFileReference; lastKnownFileType = folder.assetcatalog; path = Assets.xcassets; sourceTree = "<group>"; };
		CB6ADCC329F1A1D800BB0ACA /* Preview Assets.xcassets */ = {isa = PBXFileReference; lastKnownFileType = folder.assetcatalog; path = "Preview Assets.xcassets"; sourceTree = "<group>"; };
		CB6ADCC929F1A1D900BB0ACA /* jpmc-taskTests.xctest */ = {isa = PBXFileReference; explicitFileType = wrapper.cfbundle; includeInIndex = 0; path = "jpmc-taskTests.xctest"; sourceTree = BUILT_PRODUCTS_DIR; };
		CB6ADCEC29F1A45600BB0ACA /* DataSourceProtocol.swift */ = {isa = PBXFileReference; lastKnownFileType = sourcecode.swift; path = DataSourceProtocol.swift; sourceTree = "<group>"; };
		CB6ADCF429F1A4D300BB0ACA /* StarWarsRepository.swift */ = {isa = PBXFileReference; lastKnownFileType = sourcecode.swift; path = StarWarsRepository.swift; sourceTree = "<group>"; };
		CB6ADCFC29F1AFDD00BB0ACA /* NetworkService.swift */ = {isa = PBXFileReference; lastKnownFileType = sourcecode.swift; path = NetworkService.swift; sourceTree = "<group>"; };
		CB6ADCFE29F1AFF700BB0ACA /* Endpoint.swift */ = {isa = PBXFileReference; lastKnownFileType = sourcecode.swift; path = Endpoint.swift; sourceTree = "<group>"; };
		CB6ADD0029F1B00800BB0ACA /* APIError.swift */ = {isa = PBXFileReference; fileEncoding = 4; lastKnownFileType = sourcecode.swift; path = APIError.swift; sourceTree = "<group>"; };
		CB6ADD0229F1B16400BB0ACA /* PlanetsResponseRemoteEntity.swift */ = {isa = PBXFileReference; fileEncoding = 4; lastKnownFileType = sourcecode.swift; path = PlanetsResponseRemoteEntity.swift; sourceTree = "<group>"; };
		CB6ADD0329F1B16400BB0ACA /* PlanetRemoteEntity.swift */ = {isa = PBXFileReference; fileEncoding = 4; lastKnownFileType = sourcecode.swift; path = PlanetRemoteEntity.swift; sourceTree = "<group>"; };
		CB6ADD0A29F1B23F00BB0ACA /* RemoteDataSource.swift */ = {isa = PBXFileReference; lastKnownFileType = sourcecode.swift; path = RemoteDataSource.swift; sourceTree = "<group>"; };
		CB6ADD0C29F1B28100BB0ACA /* RemotePlanetsService.swift */ = {isa = PBXFileReference; lastKnownFileType = sourcecode.swift; path = RemotePlanetsService.swift; sourceTree = "<group>"; };
		CB6ADD1229F1B68100BB0ACA /* Planet.swift */ = {isa = PBXFileReference; lastKnownFileType = sourcecode.swift; path = Planet.swift; sourceTree = "<group>"; };
		CB6ADD1629F4983A00BB0ACA /* PlanetsReposiroty.swift */ = {isa = PBXFileReference; lastKnownFileType = sourcecode.swift; path = PlanetsReposiroty.swift; sourceTree = "<group>"; };
		CB6ADD1829F498D800BB0ACA /* GetAllPlanetsUC.swift */ = {isa = PBXFileReference; lastKnownFileType = sourcecode.swift; path = GetAllPlanetsUC.swift; sourceTree = "<group>"; };
		CB6ADD1B29F4A7EC00BB0ACA /* PlanetListViewModel.swift */ = {isa = PBXFileReference; lastKnownFileType = sourcecode.swift; path = PlanetListViewModel.swift; sourceTree = "<group>"; };
		CB6ADD1D29F4A7F400BB0ACA /* PlanetList.swift */ = {isa = PBXFileReference; lastKnownFileType = sourcecode.swift; path = PlanetList.swift; sourceTree = "<group>"; };
		CB6ADD1F29F575CD00BB0ACA /* LocalDataSource.swift */ = {isa = PBXFileReference; lastKnownFileType = sourcecode.swift; path = LocalDataSource.swift; sourceTree = "<group>"; };
		CB6ADD2129F5D76900BB0ACA /* CoreDataService.swift */ = {isa = PBXFileReference; lastKnownFileType = sourcecode.swift; path = CoreDataService.swift; sourceTree = "<group>"; };
		CB6ADD2429F5E18600BB0ACA /* Swapi.xcdatamodel */ = {isa = PBXFileReference; lastKnownFileType = wrapper.xcdatamodel; path = Swapi.xcdatamodel; sourceTree = "<group>"; };
		CB6ADD2929F7204200BB0ACA /* Injected.swift */ = {isa = PBXFileReference; fileEncoding = 4; lastKnownFileType = sourcecode.swift; path = Injected.swift; sourceTree = "<group>"; };
		CB6ADD2A29F7204200BB0ACA /* Resolver.swift */ = {isa = PBXFileReference; fileEncoding = 4; lastKnownFileType = sourcecode.swift; path = Resolver.swift; sourceTree = "<group>"; };
/* End PBXFileReference section */

/* Begin PBXFrameworksBuildPhase section */
		CB6ADCB629F1A1D400BB0ACA /* Frameworks */ = {
			isa = PBXFrameworksBuildPhase;
			buildActionMask = 2147483647;
			files = (
			);
			runOnlyForDeploymentPostprocessing = 0;
		};
		CB6ADCC629F1A1D900BB0ACA /* Frameworks */ = {
			isa = PBXFrameworksBuildPhase;
			buildActionMask = 2147483647;
			files = (
			);
			runOnlyForDeploymentPostprocessing = 0;
		};
/* End PBXFrameworksBuildPhase section */

/* Begin PBXGroup section */
		CB3DB90E29F9762C00603C2D /* Presentation */ = {
			isa = PBXGroup;
			children = (
				CB3DB90F29F976F800603C2D /* PlanetListViewModelTests.swift */,
			);
			path = Presentation;
			sourceTree = "<group>";
		};
		CB3DB91129F9DA9800603C2D /* Domain */ = {
			isa = PBXGroup;
			children = (
				CB3DB91229F9DAB800603C2D /* GetAllPlanetsUCTests.swift */,
				CB3DB91429FA921C00603C2D /* PlanetModelTest.swift */,
			);
			path = Domain;
			sourceTree = "<group>";
		};
		CB3DB91629FABADA00603C2D /* Data */ = {
			isa = PBXGroup;
			children = (
				CB3DB91729FABAF000603C2D /* StarWarsRepositoryTests.swift */,
			);
			path = Data;
			sourceTree = "<group>";
		};
		CB6ADCB029F1A1D300BB0ACA = {
			isa = PBXGroup;
			children = (
				CB6ADCBB29F1A1D400BB0ACA /* jpmc-task */,
				CB6ADCCC29F1A1D900BB0ACA /* jpmc-taskTests */,
				CB6ADCBA29F1A1D400BB0ACA /* Products */,
			);
			sourceTree = "<group>";
		};
		CB6ADCBA29F1A1D400BB0ACA /* Products */ = {
			isa = PBXGroup;
			children = (
				CB6ADCB929F1A1D400BB0ACA /* jpmc-task.app */,
				CB6ADCC929F1A1D900BB0ACA /* jpmc-taskTests.xctest */,
			);
			name = Products;
			sourceTree = "<group>";
		};
		CB6ADCBB29F1A1D400BB0ACA /* jpmc-task */ = {
			isa = PBXGroup;
			children = (
				CB6ADD2D29F7320500BB0ACA /* App */,
				CB6ADCE629F1A20300BB0ACA /* Data */,
				CB6ADCE729F1A20800BB0ACA /* Domain */,
				CB6ADCE829F1A20D00BB0ACA /* Presentation */,
			);
			path = "jpmc-task";
			sourceTree = "<group>";
		};
		CB6ADCC229F1A1D800BB0ACA /* Preview Content */ = {
			isa = PBXGroup;
			children = (
				CB6ADCC329F1A1D800BB0ACA /* Preview Assets.xcassets */,
			);
			path = "Preview Content";
			sourceTree = "<group>";
		};
		CB6ADCCC29F1A1D900BB0ACA /* jpmc-taskTests */ = {
			isa = PBXGroup;
			children = (
				CB3DB91629FABADA00603C2D /* Data */,
				CB3DB91129F9DA9800603C2D /* Domain */,
				CB3DB90E29F9762C00603C2D /* Presentation */,
			);
			path = "jpmc-taskTests";
			sourceTree = "<group>";
		};
		CB6ADCE629F1A20300BB0ACA /* Data */ = {
			isa = PBXGroup;
			children = (
				CB6ADCE929F1A22F00BB0ACA /* DataSources */,
				CB6ADCEC29F1A45600BB0ACA /* DataSourceProtocol.swift */,
				CB6ADCF429F1A4D300BB0ACA /* StarWarsRepository.swift */,
			);
			path = Data;
			sourceTree = "<group>";
		};
		CB6ADCE729F1A20800BB0ACA /* Domain */ = {
			isa = PBXGroup;
			children = (
				CB6ADD1129F1B66C00BB0ACA /* Model */,
				CB6ADD1529F4981100BB0ACA /* UseCases */,
				CB6ADD1429F4980700BB0ACA /* Repositories */,
			);
			path = Domain;
			sourceTree = "<group>";
		};
		CB6ADCE829F1A20D00BB0ACA /* Presentation */ = {
			isa = PBXGroup;
			children = (
				CB6ADD1A29F4A7D900BB0ACA /* List */,
			);
			path = Presentation;
			sourceTree = "<group>";
		};
		CB6ADCE929F1A22F00BB0ACA /* DataSources */ = {
			isa = PBXGroup;
			children = (
				CB6ADCEB29F1A3D300BB0ACA /* Local */,
				CB6ADCEA29F1A3CD00BB0ACA /* Remote */,
			);
			path = DataSources;
			sourceTree = "<group>";
		};
		CB6ADCEA29F1A3CD00BB0ACA /* Remote */ = {
			isa = PBXGroup;
			children = (
				CB6ADCF229F1A48D00BB0ACA /* Entities */,
				CB6ADCF329F1A49400BB0ACA /* Service */,
				CB6ADD0A29F1B23F00BB0ACA /* RemoteDataSource.swift */,
				CB6ADCFE29F1AFF700BB0ACA /* Endpoint.swift */,
				CB6ADD0029F1B00800BB0ACA /* APIError.swift */,
			);
			path = Remote;
			sourceTree = "<group>";
		};
		CB6ADCEB29F1A3D300BB0ACA /* Local */ = {
			isa = PBXGroup;
			children = (
				CB6ADCF029F1A47B00BB0ACA /* Entities */,
				CB6ADCF129F1A48100BB0ACA /* Service */,
				CB6ADD1F29F575CD00BB0ACA /* LocalDataSource.swift */,
			);
			path = Local;
			sourceTree = "<group>";
		};
		CB6ADCF029F1A47B00BB0ACA /* Entities */ = {
			isa = PBXGroup;
			children = (
				CB6ADD2329F5E18600BB0ACA /* Swapi.xcdatamodeld */,
			);
			path = Entities;
			sourceTree = "<group>";
		};
		CB6ADCF129F1A48100BB0ACA /* Service */ = {
			isa = PBXGroup;
			children = (
				CB6ADD2129F5D76900BB0ACA /* CoreDataService.swift */,
			);
			path = Service;
			sourceTree = "<group>";
		};
		CB6ADCF229F1A48D00BB0ACA /* Entities */ = {
			isa = PBXGroup;
			children = (
				CB6ADD0229F1B16400BB0ACA /* PlanetsResponseRemoteEntity.swift */,
				CB6ADD0329F1B16400BB0ACA /* PlanetRemoteEntity.swift */,
			);
			path = Entities;
			sourceTree = "<group>";
		};
		CB6ADCF329F1A49400BB0ACA /* Service */ = {
			isa = PBXGroup;
			children = (
				CB6ADCFC29F1AFDD00BB0ACA /* NetworkService.swift */,
				CB6ADD0C29F1B28100BB0ACA /* RemotePlanetsService.swift */,
			);
			path = Service;
			sourceTree = "<group>";
		};
		CB6ADD1129F1B66C00BB0ACA /* Model */ = {
			isa = PBXGroup;
			children = (
				CB6ADD1229F1B68100BB0ACA /* Planet.swift */,
			);
			path = Model;
			sourceTree = "<group>";
		};
		CB6ADD1429F4980700BB0ACA /* Repositories */ = {
			isa = PBXGroup;
			children = (
				CB6ADD1629F4983A00BB0ACA /* PlanetsReposiroty.swift */,
			);
			path = Repositories;
			sourceTree = "<group>";
		};
		CB6ADD1529F4981100BB0ACA /* UseCases */ = {
			isa = PBXGroup;
			children = (
				CB6ADD1829F498D800BB0ACA /* GetAllPlanetsUC.swift */,
			);
			path = UseCases;
			sourceTree = "<group>";
		};
		CB6ADD1A29F4A7D900BB0ACA /* List */ = {
			isa = PBXGroup;
			children = (
				CB6ADD1B29F4A7EC00BB0ACA /* PlanetListViewModel.swift */,
				CB6ADD1D29F4A7F400BB0ACA /* PlanetList.swift */,
			);
			path = List;
			sourceTree = "<group>";
		};
		CB6ADD2829F7204200BB0ACA /* Composition */ = {
			isa = PBXGroup;
			children = (
				CB6ADD2929F7204200BB0ACA /* Injected.swift */,
				CB6ADD2A29F7204200BB0ACA /* Resolver.swift */,
			);
			path = Composition;
			sourceTree = "<group>";
		};
		CB6ADD2D29F7320500BB0ACA /* App */ = {
			isa = PBXGroup;
			children = (
				CB6ADD2829F7204200BB0ACA /* Composition */,
				CB6ADCC229F1A1D800BB0ACA /* Preview Content */,
				CB6ADCBC29F1A1D400BB0ACA /* jpmc_taskApp.swift */,
				CB6ADCC029F1A1D800BB0ACA /* Assets.xcassets */,
			);
			path = App;
			sourceTree = "<group>";
		};
/* End PBXGroup section */

/* Begin PBXNativeTarget section */
		CB6ADCB829F1A1D400BB0ACA /* jpmc-task */ = {
			isa = PBXNativeTarget;
			buildConfigurationList = CB6ADCDD29F1A1D900BB0ACA /* Build configuration list for PBXNativeTarget "jpmc-task" */;
			buildPhases = (
				CB6ADCB529F1A1D400BB0ACA /* Sources */,
				CB6ADCB629F1A1D400BB0ACA /* Frameworks */,
				CB6ADCB729F1A1D400BB0ACA /* Resources */,
			);
			buildRules = (
			);
			dependencies = (
			);
			name = "jpmc-task";
			productName = "jpmc-task";
			productReference = CB6ADCB929F1A1D400BB0ACA /* jpmc-task.app */;
			productType = "com.apple.product-type.application";
		};
		CB6ADCC829F1A1D900BB0ACA /* jpmc-taskTests */ = {
			isa = PBXNativeTarget;
			buildConfigurationList = CB6ADCE029F1A1D900BB0ACA /* Build configuration list for PBXNativeTarget "jpmc-taskTests" */;
			buildPhases = (
				CB6ADCC529F1A1D900BB0ACA /* Sources */,
				CB6ADCC629F1A1D900BB0ACA /* Frameworks */,
				CB6ADCC729F1A1D900BB0ACA /* Resources */,
			);
			buildRules = (
			);
			dependencies = (
				CB6ADCCB29F1A1D900BB0ACA /* PBXTargetDependency */,
			);
			name = "jpmc-taskTests";
			productName = "jpmc-taskTests";
			productReference = CB6ADCC929F1A1D900BB0ACA /* jpmc-taskTests.xctest */;
			productType = "com.apple.product-type.bundle.unit-test";
		};
/* End PBXNativeTarget section */

/* Begin PBXProject section */
		CB6ADCB129F1A1D300BB0ACA /* Project object */ = {
			isa = PBXProject;
			attributes = {
				BuildIndependentTargetsInParallel = 1;
				LastSwiftUpdateCheck = 1320;
				LastUpgradeCheck = 1320;
				TargetAttributes = {
					CB6ADCB829F1A1D400BB0ACA = {
						CreatedOnToolsVersion = 13.2.1;
					};
					CB6ADCC829F1A1D900BB0ACA = {
						CreatedOnToolsVersion = 13.2.1;
						TestTargetID = CB6ADCB829F1A1D400BB0ACA;
					};
				};
			};
			buildConfigurationList = CB6ADCB429F1A1D300BB0ACA /* Build configuration list for PBXProject "jpmc-task" */;
			compatibilityVersion = "Xcode 13.0";
			developmentRegion = en;
			hasScannedForEncodings = 0;
			knownRegions = (
				en,
				Base,
			);
			mainGroup = CB6ADCB029F1A1D300BB0ACA;
			productRefGroup = CB6ADCBA29F1A1D400BB0ACA /* Products */;
			projectDirPath = "";
			projectRoot = "";
			targets = (
				CB6ADCB829F1A1D400BB0ACA /* jpmc-task */,
				CB6ADCC829F1A1D900BB0ACA /* jpmc-taskTests */,
			);
		};
/* End PBXProject section */

/* Begin PBXResourcesBuildPhase section */
		CB6ADCB729F1A1D400BB0ACA /* Resources */ = {
			isa = PBXResourcesBuildPhase;
			buildActionMask = 2147483647;
			files = (
				CB6ADCC429F1A1D800BB0ACA /* Preview Assets.xcassets in Resources */,
				CB6ADCC129F1A1D800BB0ACA /* Assets.xcassets in Resources */,
			);
			runOnlyForDeploymentPostprocessing = 0;
		};
		CB6ADCC729F1A1D900BB0ACA /* Resources */ = {
			isa = PBXResourcesBuildPhase;
			buildActionMask = 2147483647;
			files = (
			);
			runOnlyForDeploymentPostprocessing = 0;
		};
/* End PBXResourcesBuildPhase section */

/* Begin PBXSourcesBuildPhase section */
		CB6ADCB529F1A1D400BB0ACA /* Sources */ = {
			isa = PBXSourcesBuildPhase;
			buildActionMask = 2147483647;
			files = (
				CB6ADCFF29F1AFF700BB0ACA /* Endpoint.swift in Sources */,
				CB6ADD1929F498D900BB0ACA /* GetAllPlanetsUC.swift in Sources */,
				CB6ADD2B29F7204300BB0ACA /* Injected.swift in Sources */,
				CB6ADD2C29F7204300BB0ACA /* Resolver.swift in Sources */,
				CB6ADD1E29F4A7F400BB0ACA /* PlanetList.swift in Sources */,
				CB6ADCED29F1A45600BB0ACA /* DataSourceProtocol.swift in Sources */,
				CB6ADD0B29F1B23F00BB0ACA /* RemoteDataSource.swift in Sources */,
				CB6ADD2229F5D76900BB0ACA /* CoreDataService.swift in Sources */,
				CB6ADD2529F5E18600BB0ACA /* Swapi.xcdatamodeld in Sources */,
				CB6ADCBD29F1A1D400BB0ACA /* jpmc_taskApp.swift in Sources */,
				CB6ADD2029F575CD00BB0ACA /* LocalDataSource.swift in Sources */,
				CB6ADD0629F1B16400BB0ACA /* PlanetsResponseRemoteEntity.swift in Sources */,
				CB6ADD1729F4983A00BB0ACA /* PlanetsReposiroty.swift in Sources */,
				CB6ADD1329F1B68100BB0ACA /* Planet.swift in Sources */,
				CB6ADCF529F1A4D300BB0ACA /* StarWarsRepository.swift in Sources */,
				CB6ADD0129F1B00800BB0ACA /* APIError.swift in Sources */,
				CB6ADCFD29F1AFDD00BB0ACA /* NetworkService.swift in Sources */,
				CB6ADD0729F1B16400BB0ACA /* PlanetRemoteEntity.swift in Sources */,
				CB6ADD1C29F4A7EC00BB0ACA /* PlanetListViewModel.swift in Sources */,
				CB6ADD0D29F1B28100BB0ACA /* RemotePlanetsService.swift in Sources */,
			);
			runOnlyForDeploymentPostprocessing = 0;
		};
		CB6ADCC529F1A1D900BB0ACA /* Sources */ = {
			isa = PBXSourcesBuildPhase;
			buildActionMask = 2147483647;
			files = (
				CB3DB91029F976F800603C2D /* PlanetListViewModelTests.swift in Sources */,
				CB3DB91529FA921C00603C2D /* PlanetModelTest.swift in Sources */,
				CB3DB91829FABAF000603C2D /* StarWarsRepositoryTests.swift in Sources */,
				CB3DB91329F9DAB800603C2D /* GetAllPlanetsUCTests.swift in Sources */,
			);
			runOnlyForDeploymentPostprocessing = 0;
		};
/* End PBXSourcesBuildPhase section */

/* Begin PBXTargetDependency section */
		CB6ADCCB29F1A1D900BB0ACA /* PBXTargetDependency */ = {
			isa = PBXTargetDependency;
			target = CB6ADCB829F1A1D400BB0ACA /* jpmc-task */;
			targetProxy = CB6ADCCA29F1A1D900BB0ACA /* PBXContainerItemProxy */;
		};
/* End PBXTargetDependency section */

/* Begin XCBuildConfiguration section */
		CB6ADCDB29F1A1D900BB0ACA /* Debug */ = {
			isa = XCBuildConfiguration;
			buildSettings = {
				ALWAYS_SEARCH_USER_PATHS = NO;
				CLANG_ANALYZER_NONNULL = YES;
				CLANG_ANALYZER_NUMBER_OBJECT_CONVERSION = YES_AGGRESSIVE;
				CLANG_CXX_LANGUAGE_STANDARD = "gnu++17";
				CLANG_CXX_LIBRARY = "libc++";
				CLANG_ENABLE_MODULES = YES;
				CLANG_ENABLE_OBJC_ARC = YES;
				CLANG_ENABLE_OBJC_WEAK = YES;
				CLANG_WARN_BLOCK_CAPTURE_AUTORELEASING = YES;
				CLANG_WARN_BOOL_CONVERSION = YES;
				CLANG_WARN_COMMA = YES;
				CLANG_WARN_CONSTANT_CONVERSION = YES;
				CLANG_WARN_DEPRECATED_OBJC_IMPLEMENTATIONS = YES;
				CLANG_WARN_DIRECT_OBJC_ISA_USAGE = YES_ERROR;
				CLANG_WARN_DOCUMENTATION_COMMENTS = YES;
				CLANG_WARN_EMPTY_BODY = YES;
				CLANG_WARN_ENUM_CONVERSION = YES;
				CLANG_WARN_INFINITE_RECURSION = YES;
				CLANG_WARN_INT_CONVERSION = YES;
				CLANG_WARN_NON_LITERAL_NULL_CONVERSION = YES;
				CLANG_WARN_OBJC_IMPLICIT_RETAIN_SELF = YES;
				CLANG_WARN_OBJC_LITERAL_CONVERSION = YES;
				CLANG_WARN_OBJC_ROOT_CLASS = YES_ERROR;
				CLANG_WARN_QUOTED_INCLUDE_IN_FRAMEWORK_HEADER = YES;
				CLANG_WARN_RANGE_LOOP_ANALYSIS = YES;
				CLANG_WARN_STRICT_PROTOTYPES = YES;
				CLANG_WARN_SUSPICIOUS_MOVE = YES;
				CLANG_WARN_UNGUARDED_AVAILABILITY = YES_AGGRESSIVE;
				CLANG_WARN_UNREACHABLE_CODE = YES;
				CLANG_WARN__DUPLICATE_METHOD_MATCH = YES;
				COPY_PHASE_STRIP = NO;
				DEBUG_INFORMATION_FORMAT = dwarf;
				ENABLE_STRICT_OBJC_MSGSEND = YES;
				ENABLE_TESTABILITY = YES;
				GCC_C_LANGUAGE_STANDARD = gnu11;
				GCC_DYNAMIC_NO_PIC = NO;
				GCC_NO_COMMON_BLOCKS = YES;
				GCC_OPTIMIZATION_LEVEL = 0;
				GCC_PREPROCESSOR_DEFINITIONS = (
					"DEBUG=1",
					"$(inherited)",
				);
				GCC_WARN_64_TO_32_BIT_CONVERSION = YES;
				GCC_WARN_ABOUT_RETURN_TYPE = YES_ERROR;
				GCC_WARN_UNDECLARED_SELECTOR = YES;
				GCC_WARN_UNINITIALIZED_AUTOS = YES_AGGRESSIVE;
				GCC_WARN_UNUSED_FUNCTION = YES;
				GCC_WARN_UNUSED_VARIABLE = YES;
				IPHONEOS_DEPLOYMENT_TARGET = 15.2;
				MTL_ENABLE_DEBUG_INFO = INCLUDE_SOURCE;
				MTL_FAST_MATH = YES;
				ONLY_ACTIVE_ARCH = YES;
				SDKROOT = iphoneos;
				SWIFT_ACTIVE_COMPILATION_CONDITIONS = DEBUG;
				SWIFT_OPTIMIZATION_LEVEL = "-Onone";
			};
			name = Debug;
		};
		CB6ADCDC29F1A1D900BB0ACA /* Release */ = {
			isa = XCBuildConfiguration;
			buildSettings = {
				ALWAYS_SEARCH_USER_PATHS = NO;
				CLANG_ANALYZER_NONNULL = YES;
				CLANG_ANALYZER_NUMBER_OBJECT_CONVERSION = YES_AGGRESSIVE;
				CLANG_CXX_LANGUAGE_STANDARD = "gnu++17";
				CLANG_CXX_LIBRARY = "libc++";
				CLANG_ENABLE_MODULES = YES;
				CLANG_ENABLE_OBJC_ARC = YES;
				CLANG_ENABLE_OBJC_WEAK = YES;
				CLANG_WARN_BLOCK_CAPTURE_AUTORELEASING = YES;
				CLANG_WARN_BOOL_CONVERSION = YES;
				CLANG_WARN_COMMA = YES;
				CLANG_WARN_CONSTANT_CONVERSION = YES;
				CLANG_WARN_DEPRECATED_OBJC_IMPLEMENTATIONS = YES;
				CLANG_WARN_DIRECT_OBJC_ISA_USAGE = YES_ERROR;
				CLANG_WARN_DOCUMENTATION_COMMENTS = YES;
				CLANG_WARN_EMPTY_BODY = YES;
				CLANG_WARN_ENUM_CONVERSION = YES;
				CLANG_WARN_INFINITE_RECURSION = YES;
				CLANG_WARN_INT_CONVERSION = YES;
				CLANG_WARN_NON_LITERAL_NULL_CONVERSION = YES;
				CLANG_WARN_OBJC_IMPLICIT_RETAIN_SELF = YES;
				CLANG_WARN_OBJC_LITERAL_CONVERSION = YES;
				CLANG_WARN_OBJC_ROOT_CLASS = YES_ERROR;
				CLANG_WARN_QUOTED_INCLUDE_IN_FRAMEWORK_HEADER = YES;
				CLANG_WARN_RANGE_LOOP_ANALYSIS = YES;
				CLANG_WARN_STRICT_PROTOTYPES = YES;
				CLANG_WARN_SUSPICIOUS_MOVE = YES;
				CLANG_WARN_UNGUARDED_AVAILABILITY = YES_AGGRESSIVE;
				CLANG_WARN_UNREACHABLE_CODE = YES;
				CLANG_WARN__DUPLICATE_METHOD_MATCH = YES;
				COPY_PHASE_STRIP = NO;
				DEBUG_INFORMATION_FORMAT = "dwarf-with-dsym";
				ENABLE_NS_ASSERTIONS = NO;
				ENABLE_STRICT_OBJC_MSGSEND = YES;
				GCC_C_LANGUAGE_STANDARD = gnu11;
				GCC_NO_COMMON_BLOCKS = YES;
				GCC_WARN_64_TO_32_BIT_CONVERSION = YES;
				GCC_WARN_ABOUT_RETURN_TYPE = YES_ERROR;
				GCC_WARN_UNDECLARED_SELECTOR = YES;
				GCC_WARN_UNINITIALIZED_AUTOS = YES_AGGRESSIVE;
				GCC_WARN_UNUSED_FUNCTION = YES;
				GCC_WARN_UNUSED_VARIABLE = YES;
				IPHONEOS_DEPLOYMENT_TARGET = 15.2;
				MTL_ENABLE_DEBUG_INFO = NO;
				MTL_FAST_MATH = YES;
				SDKROOT = iphoneos;
				SWIFT_COMPILATION_MODE = wholemodule;
				SWIFT_OPTIMIZATION_LEVEL = "-O";
				VALIDATE_PRODUCT = YES;
			};
			name = Release;
		};
		CB6ADCDE29F1A1D900BB0ACA /* Debug */ = {
			isa = XCBuildConfiguration;
			buildSettings = {
				ASSETCATALOG_COMPILER_APPICON_NAME = AppIcon;
				ASSETCATALOG_COMPILER_GLOBAL_ACCENT_COLOR_NAME = AccentColor;
				CODE_SIGN_STYLE = Automatic;
				CURRENT_PROJECT_VERSION = 1;
				DEVELOPMENT_ASSET_PATHS = "\"jpmc-task/App/Preview Content\"";
				DEVELOPMENT_TEAM = C23V4G5DX4;
				ENABLE_PREVIEWS = YES;
				GENERATE_INFOPLIST_FILE = YES;
				INFOPLIST_KEY_UIApplicationSceneManifest_Generation = YES;
				INFOPLIST_KEY_UIApplicationSupportsIndirectInputEvents = YES;
				INFOPLIST_KEY_UILaunchScreen_Generation = YES;
				INFOPLIST_KEY_UISupportedInterfaceOrientations_iPad = "UIInterfaceOrientationPortrait UIInterfaceOrientationPortraitUpsideDown UIInterfaceOrientationLandscapeLeft UIInterfaceOrientationLandscapeRight";
				INFOPLIST_KEY_UISupportedInterfaceOrientations_iPhone = "UIInterfaceOrientationPortrait UIInterfaceOrientationLandscapeLeft UIInterfaceOrientationLandscapeRight";
				LD_RUNPATH_SEARCH_PATHS = (
					"$(inherited)",
					"@executable_path/Frameworks",
				);
				MARKETING_VERSION = 1.0;
				PRODUCT_BUNDLE_IDENTIFIER = "com.practice.coding.jpmc-task";
				PRODUCT_NAME = "$(TARGET_NAME)";
				SWIFT_EMIT_LOC_STRINGS = YES;
				SWIFT_VERSION = 5.0;
				TARGETED_DEVICE_FAMILY = "1,2";
			};
			name = Debug;
		};
		CB6ADCDF29F1A1D900BB0ACA /* Release */ = {
			isa = XCBuildConfiguration;
			buildSettings = {
				ASSETCATALOG_COMPILER_APPICON_NAME = AppIcon;
				ASSETCATALOG_COMPILER_GLOBAL_ACCENT_COLOR_NAME = AccentColor;
				CODE_SIGN_STYLE = Automatic;
				CURRENT_PROJECT_VERSION = 1;
				DEVELOPMENT_ASSET_PATHS = "\"jpmc-task/App/Preview Content\"";
				DEVELOPMENT_TEAM = C23V4G5DX4;
				ENABLE_PREVIEWS = YES;
				GENERATE_INFOPLIST_FILE = YES;
				INFOPLIST_KEY_UIApplicationSceneManifest_Generation = YES;
				INFOPLIST_KEY_UIApplicationSupportsIndirectInputEvents = YES;
				INFOPLIST_KEY_UILaunchScreen_Generation = YES;
				INFOPLIST_KEY_UISupportedInterfaceOrientations_iPad = "UIInterfaceOrientationPortrait UIInterfaceOrientationPortraitUpsideDown UIInterfaceOrientationLandscapeLeft UIInterfaceOrientationLandscapeRight";
				INFOPLIST_KEY_UISupportedInterfaceOrientations_iPhone = "UIInterfaceOrientationPortrait UIInterfaceOrientationLandscapeLeft UIInterfaceOrientationLandscapeRight";
				LD_RUNPATH_SEARCH_PATHS = (
					"$(inherited)",
					"@executable_path/Frameworks",
				);
				MARKETING_VERSION = 1.0;
				PRODUCT_BUNDLE_IDENTIFIER = "com.practice.coding.jpmc-task";
				PRODUCT_NAME = "$(TARGET_NAME)";
				SWIFT_EMIT_LOC_STRINGS = YES;
				SWIFT_VERSION = 5.0;
				TARGETED_DEVICE_FAMILY = "1,2";
			};
			name = Release;
		};
		CB6ADCE129F1A1D900BB0ACA /* Debug */ = {
			isa = XCBuildConfiguration;
			buildSettings = {
				ALWAYS_EMBED_SWIFT_STANDARD_LIBRARIES = YES;
				BUNDLE_LOADER = "$(TEST_HOST)";
				CODE_SIGN_STYLE = Automatic;
				CURRENT_PROJECT_VERSION = 1;
				DEVELOPMENT_TEAM = C23V4G5DX4;
				GENERATE_INFOPLIST_FILE = YES;
				IPHONEOS_DEPLOYMENT_TARGET = 15.2;
				MARKETING_VERSION = 1.0;
				PRODUCT_BUNDLE_IDENTIFIER = "com.practice.coding.jpmc-taskTests";
				PRODUCT_NAME = "$(TARGET_NAME)";
				SWIFT_EMIT_LOC_STRINGS = NO;
				SWIFT_VERSION = 5.0;
				TARGETED_DEVICE_FAMILY = "1,2";
				TEST_HOST = "$(BUILT_PRODUCTS_DIR)/jpmc-task.app/jpmc-task";
			};
			name = Debug;
		};
		CB6ADCE229F1A1D900BB0ACA /* Release */ = {
			isa = XCBuildConfiguration;
			buildSettings = {
				ALWAYS_EMBED_SWIFT_STANDARD_LIBRARIES = YES;
				BUNDLE_LOADER = "$(TEST_HOST)";
				CODE_SIGN_STYLE = Automatic;
				CURRENT_PROJECT_VERSION = 1;
				DEVELOPMENT_TEAM = C23V4G5DX4;
				GENERATE_INFOPLIST_FILE = YES;
				IPHONEOS_DEPLOYMENT_TARGET = 15.2;
				MARKETING_VERSION = 1.0;
				PRODUCT_BUNDLE_IDENTIFIER = "com.practice.coding.jpmc-taskTests";
				PRODUCT_NAME = "$(TARGET_NAME)";
				SWIFT_EMIT_LOC_STRINGS = NO;
				SWIFT_VERSION = 5.0;
				TARGETED_DEVICE_FAMILY = "1,2";
				TEST_HOST = "$(BUILT_PRODUCTS_DIR)/jpmc-task.app/jpmc-task";
			};
			name = Release;
		};
/* End XCBuildConfiguration section */

/* Begin XCConfigurationList section */
		CB6ADCB429F1A1D300BB0ACA /* Build configuration list for PBXProject "jpmc-task" */ = {
			isa = XCConfigurationList;
			buildConfigurations = (
				CB6ADCDB29F1A1D900BB0ACA /* Debug */,
				CB6ADCDC29F1A1D900BB0ACA /* Release */,
			);
			defaultConfigurationIsVisible = 0;
			defaultConfigurationName = Release;
		};
		CB6ADCDD29F1A1D900BB0ACA /* Build configuration list for PBXNativeTarget "jpmc-task" */ = {
			isa = XCConfigurationList;
			buildConfigurations = (
				CB6ADCDE29F1A1D900BB0ACA /* Debug */,
				CB6ADCDF29F1A1D900BB0ACA /* Release */,
			);
			defaultConfigurationIsVisible = 0;
			defaultConfigurationName = Release;
		};
		CB6ADCE029F1A1D900BB0ACA /* Build configuration list for PBXNativeTarget "jpmc-taskTests" */ = {
			isa = XCConfigurationList;
			buildConfigurations = (
				CB6ADCE129F1A1D900BB0ACA /* Debug */,
				CB6ADCE229F1A1D900BB0ACA /* Release */,
			);
			defaultConfigurationIsVisible = 0;
			defaultConfigurationName = Release;
		};
/* End XCConfigurationList section */

/* Begin XCVersionGroup section */
		CB6ADD2329F5E18600BB0ACA /* Swapi.xcdatamodeld */ = {
			isa = XCVersionGroup;
			children = (
				CB6ADD2429F5E18600BB0ACA /* Swapi.xcdatamodel */,
			);
			currentVersion = CB6ADD2429F5E18600BB0ACA /* Swapi.xcdatamodel */;
			path = Swapi.xcdatamodeld;
			sourceTree = "<group>";
			versionGroupType = wrapper.xcdatamodel;
		};
/* End XCVersionGroup section */
	};
	rootObject = CB6ADCB129F1A1D300BB0ACA /* Project object */;
}
